
Microsoft Visual Studio Solution File, Format Version 12.00
# Visual Studio Version 16
VisualStudioVersion = 16.0.810.14
MinimumVisualStudioVersion = 10.0.40219.1
Project("{FAE04EC0-301F-11D3-BF4B-00C04F79EFBC}") = "BlazorServerPractice", "BlazorServerPractice\BlazorServerPractice.csproj", "{CEB39957-20E1-477B-98D9-5E6E8FF9CDDC}"
EndProject
Global
	GlobalSection(SolutionConfigurationPlatforms) = preSolution
		Debug|Any CPU = Debug|Any CPU
		Release|Any CPU = Release|Any CPU
	EndGlobalSection
	GlobalSection(ProjectConfigurationPlatforms) = postSolution
		{CEB39957-20E1-477B-98D9-5E6E8FF9CDDC}.Debug|Any CPU.ActiveCfg = Debug|Any CPU
		{CEB39957-20E1-477B-98D9-5E6E8FF9CDDC}.Debug|Any CPU.Build.0 = Debug|Any CPU
		{CEB39957-20E1-477B-98D9-5E6E8FF9CDDC}.Release|Any CPU.ActiveCfg = Release|Any CPU
		{CEB39957-20E1-477B-98D9-5E6E8FF9CDDC}.Release|Any CPU.Build.0 = Release|Any CPU
	EndGlobalSection
	GlobalSection(SolutionProperties) = preSolution
		HideSolutionNode = FALSE
	EndGlobalSection
	GlobalSection(ExtensibilityGlobals) = postSolution
		SolutionGuid = {BE4BC69E-942F-4EC1-AC46-9595FE27AE71}
	EndGlobalSection
EndGlobal
